// !$*UTF8*$!
{
	archiveVersion = 1;
	classes = {
	};
	objectVersion = 51;
	objects = {

/* Begin PBXBuildFile section */
		004C3B56318AD936B4893427 /* Pods_CatCards.framework in Frameworks */ = {isa = PBXBuildFile; fileRef = 2F5C82BF49C7513BD5BE102C /* Pods_CatCards.framework */; };
		F60214D424E5205500872F34 /* DataModel.xcdatamodeld in Sources */ = {isa = PBXBuildFile; fileRef = F60214D224E5205500872F34 /* DataModel.xcdatamodeld */; };
		F6240A9B258B18EE00217C2D /* Localizable.strings in Resources */ = {isa = PBXBuildFile; fileRef = F6240A9D258B18EE00217C2D /* Localizable.strings */; };
		F6240AA4258B2EB800217C2D /* Strings.swift in Sources */ = {isa = PBXBuildFile; fileRef = F6240AA3258B2EB800217C2D /* Strings.swift */; };
		F6240AAD258B425C00217C2D /* InfoPlist.strings in Resources */ = {isa = PBXBuildFile; fileRef = F6240AAC258B425C00217C2D /* InfoPlist.strings */; };
		F639A17D24E29FB600FB6C0A /* CollectionVC.swift in Sources */ = {isa = PBXBuildFile; fileRef = F639A17C24E29FB600FB6C0A /* CollectionVC.swift */; };
		F639A17F24E29FD000FB6C0A /* Cell.swift in Sources */ = {isa = PBXBuildFile; fileRef = F639A17E24E29FD000FB6C0A /* Cell.swift */; };
		F64FFF0D2518A10900E80DE2 /* SingleImageVC.swift in Sources */ = {isa = PBXBuildFile; fileRef = F64FFF0C2518A10900E80DE2 /* SingleImageVC.swift */; };
		F6746FE524C6DCF2006A2905 /* AppDelegate.swift in Sources */ = {isa = PBXBuildFile; fileRef = F6746FE424C6DCF2006A2905 /* AppDelegate.swift */; };
		F6746FE724C6DCF2006A2905 /* SceneDelegate.swift in Sources */ = {isa = PBXBuildFile; fileRef = F6746FE624C6DCF2006A2905 /* SceneDelegate.swift */; };
		F6746FEE24C6DCF2006A2905 /* Main.storyboard in Resources */ = {isa = PBXBuildFile; fileRef = F6746FEC24C6DCF2006A2905 /* Main.storyboard */; };
		F6746FF024C6DCF5006A2905 /* Assets.xcassets in Resources */ = {isa = PBXBuildFile; fileRef = F6746FEF24C6DCF5006A2905 /* Assets.xcassets */; };
		F6746FF324C6DCF5006A2905 /* LaunchScreen.storyboard in Resources */ = {isa = PBXBuildFile; fileRef = F6746FF124C6DCF5006A2905 /* LaunchScreen.storyboard */; };
		F6746FFD24C6E02C006A2905 /* NetworkManager.swift in Sources */ = {isa = PBXBuildFile; fileRef = F6746FFC24C6E02C006A2905 /* NetworkManager.swift */; };
		F6746FFF24C6E245006A2905 /* HomeVC.swift in Sources */ = {isa = PBXBuildFile; fileRef = F6746FFE24C6E245006A2905 /* HomeVC.swift */; };
		F674700124C6E8F3006A2905 /* JSONModel.swift in Sources */ = {isa = PBXBuildFile; fileRef = F674700024C6E8F3006A2905 /* JSONModel.swift */; };
		F675B41B25C9927300698291 /* HapticManager.swift in Sources */ = {isa = PBXBuildFile; fileRef = F675B41A25C9927300698291 /* HapticManager.swift */; };
		F6794449260B2BAA0066D20F /* APITests.swift in Sources */ = {isa = PBXBuildFile; fileRef = F6794448260B2BAA0066D20F /* APITests.swift */; };
		F67B192024E6672E003E5A83 /* DatabaseManager.swift in Sources */ = {isa = PBXBuildFile; fileRef = F67B191F24E6672E003E5A83 /* DatabaseManager.swift */; };
		F67E4DEE24CE80A7006DDE96 /* CatData.swift in Sources */ = {isa = PBXBuildFile; fileRef = F67E4DED24CE80A7006DDE96 /* CatData.swift */; };
		F67E4E3224D3C571006DDE96 /* Constants.swift in Sources */ = {isa = PBXBuildFile; fileRef = F67E4E3124D3C571006DDE96 /* Constants.swift */; };
		F6AB3F2125F1E1CF005400DD /* ConfirmationView.swift in Sources */ = {isa = PBXBuildFile; fileRef = F6AB3F2025F1E1CF005400DD /* ConfirmationView.swift */; };
		F6BAEFFA26022E34004D5A50 /* OverlayContentPickerTest.swift in Sources */ = {isa = PBXBuildFile; fileRef = F6BAEFF926022E34004D5A50 /* OverlayContentPickerTest.swift */; };
		F6BAF00C26037C8F004D5A50 /* Cat_Cards_UITests.swift in Sources */ = {isa = PBXBuildFile; fileRef = F6BAF00B26037C8F004D5A50 /* Cat_Cards_UITests.swift */; };
		F6C1AAF325F76C7A00C03215 /* TriviaOverlay.swift in Sources */ = {isa = PBXBuildFile; fileRef = F6C1AAF225F76C7A00C03215 /* TriviaOverlay.swift */; };
		F6C928202540678B00BAB89E /* ImageScrollView.swift in Sources */ = {isa = PBXBuildFile; fileRef = F6C9281F2540678B00BAB89E /* ImageScrollView.swift */; };
		F6CE40AB2593063700B09008 /* OnboardData.swift in Sources */ = {isa = PBXBuildFile; fileRef = F6CE40AA2593063700B09008 /* OnboardData.swift */; };
		F6CE40AE2593231000B09008 /* OnboardOverlay.swift in Sources */ = {isa = PBXBuildFile; fileRef = F6CE40AD2593231000B09008 /* OnboardOverlay.swift */; };
		F6D09CCC259DD89600EAAE1C /* Secrets.swift in Sources */ = {isa = PBXBuildFile; fileRef = F6D09CCB259DD89600EAAE1C /* Secrets.swift */; };
		F6D5C13D2600E6D800429C82 /* OverlayContentPicker.swift in Sources */ = {isa = PBXBuildFile; fileRef = F6D5C13C2600E6D800429C82 /* OverlayContentPicker.swift */; };
		F6EDE0AF254F998900513A98 /* Card.swift in Sources */ = {isa = PBXBuildFile; fileRef = F6EDE0AE254F998900513A98 /* Card.swift */; };
/* End PBXBuildFile section */

/* Begin PBXContainerItemProxy section */
		F6BAEFF226022D8C004D5A50 /* PBXContainerItemProxy */ = {
			isa = PBXContainerItemProxy;
			containerPortal = F6746FD924C6DCF2006A2905 /* Project object */;
			proxyType = 1;
			remoteGlobalIDString = F6746FE024C6DCF2006A2905;
			remoteInfo = CatCards;
		};
		F6BAF00E26037C8F004D5A50 /* PBXContainerItemProxy */ = {
			isa = PBXContainerItemProxy;
			containerPortal = F6746FD924C6DCF2006A2905 /* Project object */;
			proxyType = 1;
			remoteGlobalIDString = F6746FE024C6DCF2006A2905;
			remoteInfo = CatCards;
		};
/* End PBXContainerItemProxy section */

/* Begin PBXFileReference section */
		2F5C82BF49C7513BD5BE102C /* Pods_CatCards.framework */ = {isa = PBXFileReference; explicitFileType = wrapper.framework; includeInIndex = 0; path = Pods_CatCards.framework; sourceTree = BUILT_PRODUCTS_DIR; };
		41168D40AA6045FECBED4B3F /* Pods-CatCards.debug.xcconfig */ = {isa = PBXFileReference; includeInIndex = 1; lastKnownFileType = text.xcconfig; name = "Pods-CatCards.debug.xcconfig"; path = "Target Support Files/Pods-CatCards/Pods-CatCards.debug.xcconfig"; sourceTree = "<group>"; };
		681AB58E2DF9E98BFA9DCD21 /* Pods-CatCards.release.xcconfig */ = {isa = PBXFileReference; includeInIndex = 1; lastKnownFileType = text.xcconfig; name = "Pods-CatCards.release.xcconfig"; path = "Target Support Files/Pods-CatCards/Pods-CatCards.release.xcconfig"; sourceTree = "<group>"; };
		F60214D324E5205500872F34 /* DataModel.xcdatamodel */ = {isa = PBXFileReference; lastKnownFileType = wrapper.xcdatamodel; path = DataModel.xcdatamodel; sourceTree = "<group>"; };
		F6240A9C258B18EE00217C2D /* en */ = {isa = PBXFileReference; lastKnownFileType = text.plist.strings; name = en; path = en.lproj/Localizable.strings; sourceTree = "<group>"; };
		F6240A9F258B190000217C2D /* zh-Hant */ = {isa = PBXFileReference; lastKnownFileType = text.plist.strings; name = "zh-Hant"; path = "zh-Hant.lproj/Localizable.strings"; sourceTree = "<group>"; };
		F6240AA3258B2EB800217C2D /* Strings.swift */ = {isa = PBXFileReference; lastKnownFileType = sourcecode.swift; path = Strings.swift; sourceTree = "<group>"; };
		F6240AA8258B407600217C2D /* en */ = {isa = PBXFileReference; lastKnownFileType = text.plist.strings; name = en; path = en.lproj/Main.strings; sourceTree = "<group>"; };
		F6240AAA258B40AF00217C2D /* zh-Hant */ = {isa = PBXFileReference; lastKnownFileType = text.plist.strings; name = "zh-Hant"; path = "zh-Hant.lproj/Main.strings"; sourceTree = "<group>"; };
		F6240AAC258B425C00217C2D /* InfoPlist.strings */ = {isa = PBXFileReference; lastKnownFileType = text.plist.strings; name = InfoPlist.strings; path = "zh-Hant.lproj/InfoPlist.strings"; sourceTree = "<group>"; };
		F639A17C24E29FB600FB6C0A /* CollectionVC.swift */ = {isa = PBXFileReference; lastKnownFileType = sourcecode.swift; path = CollectionVC.swift; sourceTree = "<group>"; };
		F639A17E24E29FD000FB6C0A /* Cell.swift */ = {isa = PBXFileReference; lastKnownFileType = sourcecode.swift; path = Cell.swift; sourceTree = "<group>"; };
		F64FFF0C2518A10900E80DE2 /* SingleImageVC.swift */ = {isa = PBXFileReference; lastKnownFileType = sourcecode.swift; path = SingleImageVC.swift; sourceTree = "<group>"; };
		F6746FE124C6DCF2006A2905 /* Cat Cards.app */ = {isa = PBXFileReference; explicitFileType = wrapper.application; includeInIndex = 0; path = "Cat Cards.app"; sourceTree = BUILT_PRODUCTS_DIR; };
		F6746FE424C6DCF2006A2905 /* AppDelegate.swift */ = {isa = PBXFileReference; lastKnownFileType = sourcecode.swift; path = AppDelegate.swift; sourceTree = "<group>"; };
		F6746FE624C6DCF2006A2905 /* SceneDelegate.swift */ = {isa = PBXFileReference; lastKnownFileType = sourcecode.swift; path = SceneDelegate.swift; sourceTree = "<group>"; };
		F6746FED24C6DCF2006A2905 /* Base */ = {isa = PBXFileReference; lastKnownFileType = file.storyboard; name = Base; path = Base.lproj/Main.storyboard; sourceTree = "<group>"; };
		F6746FEF24C6DCF5006A2905 /* Assets.xcassets */ = {isa = PBXFileReference; lastKnownFileType = folder.assetcatalog; path = Assets.xcassets; sourceTree = "<group>"; };
		F6746FF224C6DCF5006A2905 /* Base */ = {isa = PBXFileReference; lastKnownFileType = file.storyboard; name = Base; path = Base.lproj/LaunchScreen.storyboard; sourceTree = "<group>"; };
		F6746FF424C6DCF5006A2905 /* Info.plist */ = {isa = PBXFileReference; lastKnownFileType = text.plist.xml; path = Info.plist; sourceTree = "<group>"; };
		F6746FFC24C6E02C006A2905 /* NetworkManager.swift */ = {isa = PBXFileReference; lastKnownFileType = sourcecode.swift; path = NetworkManager.swift; sourceTree = "<group>"; };
		F6746FFE24C6E245006A2905 /* HomeVC.swift */ = {isa = PBXFileReference; fileEncoding = 4; lastKnownFileType = sourcecode.swift; path = HomeVC.swift; sourceTree = "<group>"; };
		F674700024C6E8F3006A2905 /* JSONModel.swift */ = {isa = PBXFileReference; fileEncoding = 4; lastKnownFileType = sourcecode.swift; path = JSONModel.swift; sourceTree = "<group>"; };
		F675B41A25C9927300698291 /* HapticManager.swift */ = {isa = PBXFileReference; lastKnownFileType = sourcecode.swift; path = HapticManager.swift; sourceTree = "<group>"; };
		F6794448260B2BAA0066D20F /* APITests.swift */ = {isa = PBXFileReference; lastKnownFileType = sourcecode.swift; path = APITests.swift; sourceTree = "<group>"; };
		F67B191F24E6672E003E5A83 /* DatabaseManager.swift */ = {isa = PBXFileReference; lastKnownFileType = sourcecode.swift; path = DatabaseManager.swift; sourceTree = "<group>"; };
		F67E4DED24CE80A7006DDE96 /* CatData.swift */ = {isa = PBXFileReference; lastKnownFileType = sourcecode.swift; path = CatData.swift; sourceTree = "<group>"; };
		F67E4E3124D3C571006DDE96 /* Constants.swift */ = {isa = PBXFileReference; lastKnownFileType = sourcecode.swift; path = Constants.swift; sourceTree = "<group>"; };
		F6AB3F2025F1E1CF005400DD /* ConfirmationView.swift */ = {isa = PBXFileReference; lastKnownFileType = sourcecode.swift; path = ConfirmationView.swift; sourceTree = "<group>"; };
		F6BAEFED26022D8C004D5A50 /* Cat Cards Tests.xctest */ = {isa = PBXFileReference; explicitFileType = wrapper.cfbundle; includeInIndex = 0; path = "Cat Cards Tests.xctest"; sourceTree = BUILT_PRODUCTS_DIR; };
		F6BAEFF126022D8C004D5A50 /* Info.plist */ = {isa = PBXFileReference; lastKnownFileType = text.plist.xml; path = Info.plist; sourceTree = "<group>"; };
		F6BAEFF926022E34004D5A50 /* OverlayContentPickerTest.swift */ = {isa = PBXFileReference; lastKnownFileType = sourcecode.swift; path = OverlayContentPickerTest.swift; sourceTree = "<group>"; };
		F6BAF00926037C8F004D5A50 /* Cat Cards UITests.xctest */ = {isa = PBXFileReference; explicitFileType = wrapper.cfbundle; includeInIndex = 0; path = "Cat Cards UITests.xctest"; sourceTree = BUILT_PRODUCTS_DIR; };
		F6BAF00B26037C8F004D5A50 /* Cat_Cards_UITests.swift */ = {isa = PBXFileReference; lastKnownFileType = sourcecode.swift; path = Cat_Cards_UITests.swift; sourceTree = "<group>"; };
		F6BAF00D26037C8F004D5A50 /* Info.plist */ = {isa = PBXFileReference; lastKnownFileType = text.plist.xml; path = Info.plist; sourceTree = "<group>"; };
		F6C1AAF225F76C7A00C03215 /* TriviaOverlay.swift */ = {isa = PBXFileReference; lastKnownFileType = sourcecode.swift; path = TriviaOverlay.swift; sourceTree = "<group>"; };
		F6C9281F2540678B00BAB89E /* ImageScrollView.swift */ = {isa = PBXFileReference; lastKnownFileType = sourcecode.swift; path = ImageScrollView.swift; sourceTree = "<group>"; };
		F6CE40AA2593063700B09008 /* OnboardData.swift */ = {isa = PBXFileReference; lastKnownFileType = sourcecode.swift; path = OnboardData.swift; sourceTree = "<group>"; };
		F6CE40AD2593231000B09008 /* OnboardOverlay.swift */ = {isa = PBXFileReference; lastKnownFileType = sourcecode.swift; path = OnboardOverlay.swift; sourceTree = "<group>"; };
		F6D09CCB259DD89600EAAE1C /* Secrets.swift */ = {isa = PBXFileReference; lastKnownFileType = sourcecode.swift; path = Secrets.swift; sourceTree = "<group>"; };
		F6D5C13C2600E6D800429C82 /* OverlayContentPicker.swift */ = {isa = PBXFileReference; lastKnownFileType = sourcecode.swift; path = OverlayContentPicker.swift; sourceTree = "<group>"; };
		F6EDE0AE254F998900513A98 /* Card.swift */ = {isa = PBXFileReference; lastKnownFileType = sourcecode.swift; path = Card.swift; sourceTree = "<group>"; };
/* End PBXFileReference section */

/* Begin PBXFrameworksBuildPhase section */
		F6746FDE24C6DCF2006A2905 /* Frameworks */ = {
			isa = PBXFrameworksBuildPhase;
			buildActionMask = 2147483647;
			files = (
				004C3B56318AD936B4893427 /* Pods_CatCards.framework in Frameworks */,
			);
			runOnlyForDeploymentPostprocessing = 0;
		};
		F6BAEFEA26022D8C004D5A50 /* Frameworks */ = {
			isa = PBXFrameworksBuildPhase;
			buildActionMask = 2147483647;
			files = (
			);
			runOnlyForDeploymentPostprocessing = 0;
		};
		F6BAF00626037C8F004D5A50 /* Frameworks */ = {
			isa = PBXFrameworksBuildPhase;
			buildActionMask = 2147483647;
			files = (
			);
			runOnlyForDeploymentPostprocessing = 0;
		};
/* End PBXFrameworksBuildPhase section */

/* Begin PBXGroup section */
		08D6B19F07BC6817AED59A2A /* Pods */ = {
			isa = PBXGroup;
			children = (
				41168D40AA6045FECBED4B3F /* Pods-CatCards.debug.xcconfig */,
				681AB58E2DF9E98BFA9DCD21 /* Pods-CatCards.release.xcconfig */,
			);
			path = Pods;
			sourceTree = "<group>";
		};
		123A2E7C1E4920CB427642D2 /* Frameworks */ = {
			isa = PBXGroup;
			children = (
				2F5C82BF49C7513BD5BE102C /* Pods_CatCards.framework */,
			);
			name = Frameworks;
			sourceTree = "<group>";
		};
		F6746FD824C6DCF2006A2905 = {
			isa = PBXGroup;
			children = (
				F6746FE324C6DCF2006A2905 /* CatCards */,
				F6BAEFEE26022D8C004D5A50 /* Cat Cards Tests */,
				F6BAF00A26037C8F004D5A50 /* Cat Cards UITests */,
				F6746FE224C6DCF2006A2905 /* Products */,
				08D6B19F07BC6817AED59A2A /* Pods */,
				123A2E7C1E4920CB427642D2 /* Frameworks */,
			);
			sourceTree = "<group>";
		};
		F6746FE224C6DCF2006A2905 /* Products */ = {
			isa = PBXGroup;
			children = (
				F6746FE124C6DCF2006A2905 /* Cat Cards.app */,
				F6BAEFED26022D8C004D5A50 /* Cat Cards Tests.xctest */,
				F6BAF00926037C8F004D5A50 /* Cat Cards UITests.xctest */,
			);
			name = Products;
			sourceTree = "<group>";
		};
		F6746FE324C6DCF2006A2905 /* CatCards */ = {
			isa = PBXGroup;
			children = (
				F6746FE424C6DCF2006A2905 /* AppDelegate.swift */,
				F6746FE624C6DCF2006A2905 /* SceneDelegate.swift */,
				F6240AA3258B2EB800217C2D /* Strings.swift */,
				F6240A9D258B18EE00217C2D /* Localizable.strings */,
				F674700624C9631F006A2905 /* Model */,
				F674700724C96330006A2905 /* View */,
				F674700824C9633E006A2905 /* Controller */,
				F67E4DEA24CC7725006DDE96 /* Service */,
				F6240AAC258B425C00217C2D /* InfoPlist.strings */,
				F6746FF424C6DCF5006A2905 /* Info.plist */,
				F6E18FD225E8B2C90014A9A6 /* Resource */,
			);
			path = CatCards;
			sourceTree = "<group>";
		};
		F674700624C9631F006A2905 /* Model */ = {
			isa = PBXGroup;
			children = (
				F67E4DED24CE80A7006DDE96 /* CatData.swift */,
				F674700024C6E8F3006A2905 /* JSONModel.swift */,
				F60214D224E5205500872F34 /* DataModel.xcdatamodeld */,
				F6CE40AA2593063700B09008 /* OnboardData.swift */,
				F67E4E3124D3C571006DDE96 /* Constants.swift */,
				F6D09CCB259DD89600EAAE1C /* Secrets.swift */,
			);
			path = Model;
			sourceTree = "<group>";
		};
		F674700724C96330006A2905 /* View */ = {
			isa = PBXGroup;
			children = (
				F6746FF124C6DCF5006A2905 /* LaunchScreen.storyboard */,
				F6746FEC24C6DCF2006A2905 /* Main.storyboard */,
				F6EDE0AE254F998900513A98 /* Card.swift */,
				F6CE40AD2593231000B09008 /* OnboardOverlay.swift */,
				F6C1AAF225F76C7A00C03215 /* TriviaOverlay.swift */,
				F6AB3F2025F1E1CF005400DD /* ConfirmationView.swift */,
				F6C9281F2540678B00BAB89E /* ImageScrollView.swift */,
			);
			path = View;
			sourceTree = "<group>";
		};
		F674700824C9633E006A2905 /* Controller */ = {
			isa = PBXGroup;
			children = (
				F6746FFE24C6E245006A2905 /* HomeVC.swift */,
				F639A17C24E29FB600FB6C0A /* CollectionVC.swift */,
				F639A17E24E29FD000FB6C0A /* Cell.swift */,
				F64FFF0C2518A10900E80DE2 /* SingleImageVC.swift */,
			);
			path = Controller;
			sourceTree = "<group>";
		};
		F67E4DEA24CC7725006DDE96 /* Service */ = {
			isa = PBXGroup;
			children = (
				F6746FFC24C6E02C006A2905 /* NetworkManager.swift */,
				F67B191F24E6672E003E5A83 /* DatabaseManager.swift */,
				F675B41A25C9927300698291 /* HapticManager.swift */,
				F6D5C13C2600E6D800429C82 /* OverlayContentPicker.swift */,
			);
			path = Service;
			sourceTree = "<group>";
		};
		F6BAEFEE26022D8C004D5A50 /* Cat Cards Tests */ = {
			isa = PBXGroup;
			children = (
				F6BAEFF926022E34004D5A50 /* OverlayContentPickerTest.swift */,
				F6BAEFF126022D8C004D5A50 /* Info.plist */,
				F6794448260B2BAA0066D20F /* APITests.swift */,
			);
			path = "Cat Cards Tests";
			sourceTree = "<group>";
		};
		F6BAF00A26037C8F004D5A50 /* Cat Cards UITests */ = {
			isa = PBXGroup;
			children = (
				F6BAF00B26037C8F004D5A50 /* Cat_Cards_UITests.swift */,
				F6BAF00D26037C8F004D5A50 /* Info.plist */,
			);
			path = "Cat Cards UITests";
			sourceTree = "<group>";
		};
		F6E18FD225E8B2C90014A9A6 /* Resource */ = {
			isa = PBXGroup;
			children = (
				F6746FEF24C6DCF5006A2905 /* Assets.xcassets */,
			);
			path = Resource;
			sourceTree = "<group>";
		};
/* End PBXGroup section */

/* Begin PBXNativeTarget section */
		F6746FE024C6DCF2006A2905 /* CatCards */ = {
			isa = PBXNativeTarget;
			buildConfigurationList = F6746FF724C6DCF5006A2905 /* Build configuration list for PBXNativeTarget "CatCards" */;
			buildPhases = (
				04668555BB54A6C3C761B2A6 /* [CP] Check Pods Manifest.lock */,
				F6746FDD24C6DCF2006A2905 /* Sources */,
				F6746FDE24C6DCF2006A2905 /* Frameworks */,
				F6746FDF24C6DCF2006A2905 /* Resources */,
				CD5C58DBDBBA78292560FF20 /* [CP] Embed Pods Frameworks */,
			);
			buildRules = (
			);
			dependencies = (
			);
			name = CatCards;
			productName = CatAndDog;
			productReference = F6746FE124C6DCF2006A2905 /* Cat Cards.app */;
			productType = "com.apple.product-type.application";
		};
		F6BAEFEC26022D8C004D5A50 /* Cat Cards Tests */ = {
			isa = PBXNativeTarget;
			buildConfigurationList = F6BAEFF626022D8C004D5A50 /* Build configuration list for PBXNativeTarget "Cat Cards Tests" */;
			buildPhases = (
				F6BAEFE926022D8C004D5A50 /* Sources */,
				F6BAEFEA26022D8C004D5A50 /* Frameworks */,
				F6BAEFEB26022D8C004D5A50 /* Resources */,
			);
			buildRules = (
			);
			dependencies = (
				F6BAEFF326022D8C004D5A50 /* PBXTargetDependency */,
			);
			name = "Cat Cards Tests";
			productName = "Cat Cards Tests";
			productReference = F6BAEFED26022D8C004D5A50 /* Cat Cards Tests.xctest */;
			productType = "com.apple.product-type.bundle.unit-test";
		};
		F6BAF00826037C8F004D5A50 /* Cat Cards UITests */ = {
			isa = PBXNativeTarget;
			buildConfigurationList = F6BAF01026037C8F004D5A50 /* Build configuration list for PBXNativeTarget "Cat Cards UITests" */;
			buildPhases = (
				F6BAF00526037C8F004D5A50 /* Sources */,
				F6BAF00626037C8F004D5A50 /* Frameworks */,
				F6BAF00726037C8F004D5A50 /* Resources */,
			);
			buildRules = (
			);
			dependencies = (
				F6BAF00F26037C8F004D5A50 /* PBXTargetDependency */,
			);
			name = "Cat Cards UITests";
			productName = "Cat Cards UITests";
			productReference = F6BAF00926037C8F004D5A50 /* Cat Cards UITests.xctest */;
			productType = "com.apple.product-type.bundle.ui-testing";
		};
/* End PBXNativeTarget section */

/* Begin PBXProject section */
		F6746FD924C6DCF2006A2905 /* Project object */ = {
			isa = PBXProject;
			attributes = {
				LastSwiftUpdateCheck = 1240;
				LastUpgradeCheck = 1200;
				ORGANIZATIONNAME = "Jason Ou Yang";
				TargetAttributes = {
					F6746FE024C6DCF2006A2905 = {
						CreatedOnToolsVersion = 11.6;
					};
					F6BAEFEC26022D8C004D5A50 = {
						CreatedOnToolsVersion = 12.4;
						TestTargetID = F6746FE024C6DCF2006A2905;
					};
					F6BAF00826037C8F004D5A50 = {
						CreatedOnToolsVersion = 12.4;
						TestTargetID = F6746FE024C6DCF2006A2905;
					};
				};
			};
			buildConfigurationList = F6746FDC24C6DCF2006A2905 /* Build configuration list for PBXProject "CatCards" */;
			compatibilityVersion = "Xcode 9.3";
			developmentRegion = en;
			hasScannedForEncodings = 0;
			knownRegions = (
				en,
				Base,
				"zh-Hant",
			);
			mainGroup = F6746FD824C6DCF2006A2905;
			productRefGroup = F6746FE224C6DCF2006A2905 /* Products */;
			projectDirPath = "";
			projectRoot = "";
			targets = (
				F6746FE024C6DCF2006A2905 /* CatCards */,
				F6BAEFEC26022D8C004D5A50 /* Cat Cards Tests */,
				F6BAF00826037C8F004D5A50 /* Cat Cards UITests */,
			);
		};
/* End PBXProject section */

/* Begin PBXResourcesBuildPhase section */
		F6746FDF24C6DCF2006A2905 /* Resources */ = {
			isa = PBXResourcesBuildPhase;
			buildActionMask = 2147483647;
			files = (
				F6746FF324C6DCF5006A2905 /* LaunchScreen.storyboard in Resources */,
				F6240A9B258B18EE00217C2D /* Localizable.strings in Resources */,
				F6746FF024C6DCF5006A2905 /* Assets.xcassets in Resources */,
				F6746FEE24C6DCF2006A2905 /* Main.storyboard in Resources */,
				F6240AAD258B425C00217C2D /* InfoPlist.strings in Resources */,
			);
			runOnlyForDeploymentPostprocessing = 0;
		};
		F6BAEFEB26022D8C004D5A50 /* Resources */ = {
			isa = PBXResourcesBuildPhase;
			buildActionMask = 2147483647;
			files = (
			);
			runOnlyForDeploymentPostprocessing = 0;
		};
		F6BAF00726037C8F004D5A50 /* Resources */ = {
			isa = PBXResourcesBuildPhase;
			buildActionMask = 2147483647;
			files = (
			);
			runOnlyForDeploymentPostprocessing = 0;
		};
/* End PBXResourcesBuildPhase section */

/* Begin PBXShellScriptBuildPhase section */
		04668555BB54A6C3C761B2A6 /* [CP] Check Pods Manifest.lock */ = {
			isa = PBXShellScriptBuildPhase;
			buildActionMask = 2147483647;
			files = (
			);
			inputFileListPaths = (
			);
			inputPaths = (
				"${PODS_PODFILE_DIR_PATH}/Podfile.lock",
				"${PODS_ROOT}/Manifest.lock",
			);
			name = "[CP] Check Pods Manifest.lock";
			outputFileListPaths = (
			);
			outputPaths = (
				"$(DERIVED_FILE_DIR)/Pods-CatCards-checkManifestLockResult.txt",
			);
			runOnlyForDeploymentPostprocessing = 0;
			shellPath = /bin/sh;
			shellScript = "diff \"${PODS_PODFILE_DIR_PATH}/Podfile.lock\" \"${PODS_ROOT}/Manifest.lock\" > /dev/null\nif [ $? != 0 ] ; then\n    # print error to STDERR\n    echo \"error: The sandbox is not in sync with the Podfile.lock. Run 'pod install' or update your CocoaPods installation.\" >&2\n    exit 1\nfi\n# This output is used by Xcode 'outputs' to avoid re-running this script phase.\necho \"SUCCESS\" > \"${SCRIPT_OUTPUT_FILE_0}\"\n";
			showEnvVarsInLog = 0;
		};
		CD5C58DBDBBA78292560FF20 /* [CP] Embed Pods Frameworks */ = {
			isa = PBXShellScriptBuildPhase;
			buildActionMask = 2147483647;
			files = (
			);
			inputFileListPaths = (
				"${PODS_ROOT}/Target Support Files/Pods-CatCards/Pods-CatCards-frameworks-${CONFIGURATION}-input-files.xcfilelist",
			);
			name = "[CP] Embed Pods Frameworks";
			outputFileListPaths = (
				"${PODS_ROOT}/Target Support Files/Pods-CatCards/Pods-CatCards-frameworks-${CONFIGURATION}-output-files.xcfilelist",
			);
			runOnlyForDeploymentPostprocessing = 0;
			shellPath = /bin/sh;
			shellScript = "\"${PODS_ROOT}/Target Support Files/Pods-CatCards/Pods-CatCards-frameworks.sh\"\n";
			showEnvVarsInLog = 0;
		};
/* End PBXShellScriptBuildPhase section */

/* Begin PBXSourcesBuildPhase section */
		F6746FDD24C6DCF2006A2905 /* Sources */ = {
			isa = PBXSourcesBuildPhase;
			buildActionMask = 2147483647;
			files = (
				F6D09CCC259DD89600EAAE1C /* Secrets.swift in Sources */,
				F6EDE0AF254F998900513A98 /* Card.swift in Sources */,
				F6CE40AE2593231000B09008 /* OnboardOverlay.swift in Sources */,
				F6746FFD24C6E02C006A2905 /* NetworkManager.swift in Sources */,
				F6240AA4258B2EB800217C2D /* Strings.swift in Sources */,
				F67B192024E6672E003E5A83 /* DatabaseManager.swift in Sources */,
				F675B41B25C9927300698291 /* HapticManager.swift in Sources */,
				F6C928202540678B00BAB89E /* ImageScrollView.swift in Sources */,
				F60214D424E5205500872F34 /* DataModel.xcdatamodeld in Sources */,
				F6C1AAF325F76C7A00C03215 /* TriviaOverlay.swift in Sources */,
				F674700124C6E8F3006A2905 /* JSONModel.swift in Sources */,
				F639A17F24E29FD000FB6C0A /* Cell.swift in Sources */,
				F6746FE524C6DCF2006A2905 /* AppDelegate.swift in Sources */,
				F6CE40AB2593063700B09008 /* OnboardData.swift in Sources */,
				F67E4E3224D3C571006DDE96 /* Constants.swift in Sources */,
				F639A17D24E29FB600FB6C0A /* CollectionVC.swift in Sources */,
				F6AB3F2125F1E1CF005400DD /* ConfirmationView.swift in Sources */,
				F64FFF0D2518A10900E80DE2 /* SingleImageVC.swift in Sources */,
				F6D5C13D2600E6D800429C82 /* OverlayContentPicker.swift in Sources */,
				F6746FE724C6DCF2006A2905 /* SceneDelegate.swift in Sources */,
				F6746FFF24C6E245006A2905 /* HomeVC.swift in Sources */,
				F67E4DEE24CE80A7006DDE96 /* CatData.swift in Sources */,
			);
			runOnlyForDeploymentPostprocessing = 0;
		};
		F6BAEFE926022D8C004D5A50 /* Sources */ = {
			isa = PBXSourcesBuildPhase;
			buildActionMask = 2147483647;
			files = (
				F6794449260B2BAA0066D20F /* APITests.swift in Sources */,
				F6BAEFFA26022E34004D5A50 /* OverlayContentPickerTest.swift in Sources */,
			);
			runOnlyForDeploymentPostprocessing = 0;
		};
		F6BAF00526037C8F004D5A50 /* Sources */ = {
			isa = PBXSourcesBuildPhase;
			buildActionMask = 2147483647;
			files = (
				F6BAF00C26037C8F004D5A50 /* Cat_Cards_UITests.swift in Sources */,
			);
			runOnlyForDeploymentPostprocessing = 0;
		};
/* End PBXSourcesBuildPhase section */

/* Begin PBXTargetDependency section */
		F6BAEFF326022D8C004D5A50 /* PBXTargetDependency */ = {
			isa = PBXTargetDependency;
			target = F6746FE024C6DCF2006A2905 /* CatCards */;
			targetProxy = F6BAEFF226022D8C004D5A50 /* PBXContainerItemProxy */;
		};
		F6BAF00F26037C8F004D5A50 /* PBXTargetDependency */ = {
			isa = PBXTargetDependency;
			target = F6746FE024C6DCF2006A2905 /* CatCards */;
			targetProxy = F6BAF00E26037C8F004D5A50 /* PBXContainerItemProxy */;
		};
/* End PBXTargetDependency section */

/* Begin PBXVariantGroup section */
		F6240A9D258B18EE00217C2D /* Localizable.strings */ = {
			isa = PBXVariantGroup;
			children = (
				F6240A9C258B18EE00217C2D /* en */,
				F6240A9F258B190000217C2D /* zh-Hant */,
			);
			name = Localizable.strings;
			sourceTree = "<group>";
		};
		F6746FEC24C6DCF2006A2905 /* Main.storyboard */ = {
			isa = PBXVariantGroup;
			children = (
				F6746FED24C6DCF2006A2905 /* Base */,
				F6240AA8258B407600217C2D /* en */,
				F6240AAA258B40AF00217C2D /* zh-Hant */,
			);
			name = Main.storyboard;
			sourceTree = "<group>";
		};
		F6746FF124C6DCF5006A2905 /* LaunchScreen.storyboard */ = {
			isa = PBXVariantGroup;
			children = (
				F6746FF224C6DCF5006A2905 /* Base */,
			);
			name = LaunchScreen.storyboard;
			sourceTree = "<group>";
		};
/* End PBXVariantGroup section */

/* Begin XCBuildConfiguration section */
		F6746FF524C6DCF5006A2905 /* Debug */ = {
			isa = XCBuildConfiguration;
			buildSettings = {
				ALWAYS_SEARCH_USER_PATHS = NO;
				CLANG_ANALYZER_LOCALIZABILITY_NONLOCALIZED = YES;
				CLANG_ANALYZER_NONNULL = YES;
				CLANG_ANALYZER_NUMBER_OBJECT_CONVERSION = YES_AGGRESSIVE;
				CLANG_CXX_LANGUAGE_STANDARD = "gnu++14";
				CLANG_CXX_LIBRARY = "libc++";
				CLANG_ENABLE_MODULES = YES;
				CLANG_ENABLE_OBJC_ARC = YES;
				CLANG_ENABLE_OBJC_WEAK = YES;
				CLANG_WARN_BLOCK_CAPTURE_AUTORELEASING = YES;
				CLANG_WARN_BOOL_CONVERSION = YES;
				CLANG_WARN_COMMA = YES;
				CLANG_WARN_CONSTANT_CONVERSION = YES;
				CLANG_WARN_DEPRECATED_OBJC_IMPLEMENTATIONS = YES;
				CLANG_WARN_DIRECT_OBJC_ISA_USAGE = YES_ERROR;
				CLANG_WARN_DOCUMENTATION_COMMENTS = YES;
				CLANG_WARN_EMPTY_BODY = YES;
				CLANG_WARN_ENUM_CONVERSION = YES;
				CLANG_WARN_INFINITE_RECURSION = YES;
				CLANG_WARN_INT_CONVERSION = YES;
				CLANG_WARN_NON_LITERAL_NULL_CONVERSION = YES;
				CLANG_WARN_OBJC_IMPLICIT_RETAIN_SELF = YES;
				CLANG_WARN_OBJC_LITERAL_CONVERSION = YES;
				CLANG_WARN_OBJC_ROOT_CLASS = YES_ERROR;
				CLANG_WARN_QUOTED_INCLUDE_IN_FRAMEWORK_HEADER = YES;
				CLANG_WARN_RANGE_LOOP_ANALYSIS = YES;
				CLANG_WARN_STRICT_PROTOTYPES = YES;
				CLANG_WARN_SUSPICIOUS_MOVE = YES;
				CLANG_WARN_UNGUARDED_AVAILABILITY = YES_AGGRESSIVE;
				CLANG_WARN_UNREACHABLE_CODE = YES;
				CLANG_WARN__DUPLICATE_METHOD_MATCH = YES;
				COPY_PHASE_STRIP = NO;
				DEBUG_INFORMATION_FORMAT = dwarf;
				ENABLE_STRICT_OBJC_MSGSEND = YES;
				ENABLE_TESTABILITY = YES;
				GCC_C_LANGUAGE_STANDARD = gnu11;
				GCC_DYNAMIC_NO_PIC = NO;
				GCC_NO_COMMON_BLOCKS = YES;
				GCC_OPTIMIZATION_LEVEL = 0;
				GCC_PREPROCESSOR_DEFINITIONS = (
					"DEBUG=1",
					"$(inherited)",
				);
				GCC_WARN_64_TO_32_BIT_CONVERSION = YES;
				GCC_WARN_ABOUT_RETURN_TYPE = YES_ERROR;
				GCC_WARN_UNDECLARED_SELECTOR = YES;
				GCC_WARN_UNINITIALIZED_AUTOS = YES_AGGRESSIVE;
				GCC_WARN_UNUSED_FUNCTION = YES;
				GCC_WARN_UNUSED_VARIABLE = YES;
				IPHONEOS_DEPLOYMENT_TARGET = 13.0;
				MTL_ENABLE_DEBUG_INFO = INCLUDE_SOURCE;
				MTL_FAST_MATH = YES;
				ONLY_ACTIVE_ARCH = YES;
				SDKROOT = iphoneos;
				SWIFT_ACTIVE_COMPILATION_CONDITIONS = DEBUG;
				SWIFT_OPTIMIZATION_LEVEL = "-Onone";
			};
			name = Debug;
		};
		F6746FF624C6DCF5006A2905 /* Release */ = {
			isa = XCBuildConfiguration;
			buildSettings = {
				ALWAYS_SEARCH_USER_PATHS = NO;
				CLANG_ANALYZER_LOCALIZABILITY_NONLOCALIZED = YES;
				CLANG_ANALYZER_NONNULL = YES;
				CLANG_ANALYZER_NUMBER_OBJECT_CONVERSION = YES_AGGRESSIVE;
				CLANG_CXX_LANGUAGE_STANDARD = "gnu++14";
				CLANG_CXX_LIBRARY = "libc++";
				CLANG_ENABLE_MODULES = YES;
				CLANG_ENABLE_OBJC_ARC = YES;
				CLANG_ENABLE_OBJC_WEAK = YES;
				CLANG_WARN_BLOCK_CAPTURE_AUTORELEASING = YES;
				CLANG_WARN_BOOL_CONVERSION = YES;
				CLANG_WARN_COMMA = YES;
				CLANG_WARN_CONSTANT_CONVERSION = YES;
				CLANG_WARN_DEPRECATED_OBJC_IMPLEMENTATIONS = YES;
				CLANG_WARN_DIRECT_OBJC_ISA_USAGE = YES_ERROR;
				CLANG_WARN_DOCUMENTATION_COMMENTS = YES;
				CLANG_WARN_EMPTY_BODY = YES;
				CLANG_WARN_ENUM_CONVERSION = YES;
				CLANG_WARN_INFINITE_RECURSION = YES;
				CLANG_WARN_INT_CONVERSION = YES;
				CLANG_WARN_NON_LITERAL_NULL_CONVERSION = YES;
				CLANG_WARN_OBJC_IMPLICIT_RETAIN_SELF = YES;
				CLANG_WARN_OBJC_LITERAL_CONVERSION = YES;
				CLANG_WARN_OBJC_ROOT_CLASS = YES_ERROR;
				CLANG_WARN_QUOTED_INCLUDE_IN_FRAMEWORK_HEADER = YES;
				CLANG_WARN_RANGE_LOOP_ANALYSIS = YES;
				CLANG_WARN_STRICT_PROTOTYPES = YES;
				CLANG_WARN_SUSPICIOUS_MOVE = YES;
				CLANG_WARN_UNGUARDED_AVAILABILITY = YES_AGGRESSIVE;
				CLANG_WARN_UNREACHABLE_CODE = YES;
				CLANG_WARN__DUPLICATE_METHOD_MATCH = YES;
				COPY_PHASE_STRIP = NO;
				DEBUG_INFORMATION_FORMAT = "dwarf-with-dsym";
				ENABLE_NS_ASSERTIONS = NO;
				ENABLE_STRICT_OBJC_MSGSEND = YES;
				GCC_C_LANGUAGE_STANDARD = gnu11;
				GCC_NO_COMMON_BLOCKS = YES;
				GCC_WARN_64_TO_32_BIT_CONVERSION = YES;
				GCC_WARN_ABOUT_RETURN_TYPE = YES_ERROR;
				GCC_WARN_UNDECLARED_SELECTOR = YES;
				GCC_WARN_UNINITIALIZED_AUTOS = YES_AGGRESSIVE;
				GCC_WARN_UNUSED_FUNCTION = YES;
				GCC_WARN_UNUSED_VARIABLE = YES;
				IPHONEOS_DEPLOYMENT_TARGET = 13.0;
				MTL_ENABLE_DEBUG_INFO = NO;
				MTL_FAST_MATH = YES;
				SDKROOT = iphoneos;
				SWIFT_COMPILATION_MODE = wholemodule;
				SWIFT_OPTIMIZATION_LEVEL = "-O";
				VALIDATE_PRODUCT = YES;
			};
			name = Release;
		};
		F6746FF824C6DCF5006A2905 /* Debug */ = {
			isa = XCBuildConfiguration;
			baseConfigurationReference = 41168D40AA6045FECBED4B3F /* Pods-CatCards.debug.xcconfig */;
			buildSettings = {
				ASSETCATALOG_COMPILER_APPICON_NAME = AppIcon;
				CODE_SIGN_STYLE = Automatic;
				CURRENT_PROJECT_VERSION = 33;
				DEVELOPMENT_TEAM = 94WY3HPZ4Q;
				INFOPLIST_FILE = CatCards/Info.plist;
				LD_RUNPATH_SEARCH_PATHS = (
					"$(inherited)",
					"@executable_path/Frameworks",
				);
				MARKETING_VERSION = 1.0.0;
				PRODUCT_BUNDLE_IDENTIFIER = com.ouyangapps.CatCards;
				PRODUCT_NAME = "Cat Cards";
				SWIFT_VERSION = 5.0;
				TARGETED_DEVICE_FAMILY = "1,2";
			};
			name = Debug;
		};
		F6746FF924C6DCF5006A2905 /* Release */ = {
			isa = XCBuildConfiguration;
			baseConfigurationReference = 681AB58E2DF9E98BFA9DCD21 /* Pods-CatCards.release.xcconfig */;
			buildSettings = {
				ASSETCATALOG_COMPILER_APPICON_NAME = AppIcon;
				CODE_SIGN_STYLE = Automatic;
				CURRENT_PROJECT_VERSION = 33;
				DEVELOPMENT_TEAM = 94WY3HPZ4Q;
				INFOPLIST_FILE = CatCards/Info.plist;
				LD_RUNPATH_SEARCH_PATHS = (
					"$(inherited)",
					"@executable_path/Frameworks",
				);
				MARKETING_VERSION = 1.0.0;
				PRODUCT_BUNDLE_IDENTIFIER = com.ouyangapps.CatCards;
				PRODUCT_NAME = "Cat Cards";
				SWIFT_VERSION = 5.0;
				TARGETED_DEVICE_FAMILY = "1,2";
			};
			name = Release;
		};
		F6BAEFF426022D8C004D5A50 /* Debug */ = {
			isa = XCBuildConfiguration;
			buildSettings = {
				BUNDLE_LOADER = "$(TEST_HOST)";
				CODE_SIGN_STYLE = Automatic;
				DEVELOPMENT_TEAM = 94WY3HPZ4Q;
				INFOPLIST_FILE = "Cat Cards Tests/Info.plist";
				IPHONEOS_DEPLOYMENT_TARGET = 14.4;
				LD_RUNPATH_SEARCH_PATHS = (
					"$(inherited)",
					"@executable_path/Frameworks",
					"@loader_path/Frameworks",
				);
				PRODUCT_BUNDLE_IDENTIFIER = "com.ouyangapps.Cat-Cards-Tests";
				PRODUCT_NAME = "$(TARGET_NAME)";
				SWIFT_VERSION = 5.0;
				TARGETED_DEVICE_FAMILY = "1,2";
				TEST_HOST = "$(BUILT_PRODUCTS_DIR)/Cat Cards.app/Cat Cards";
			};
			name = Debug;
		};
		F6BAEFF526022D8C004D5A50 /* Release */ = {
			isa = XCBuildConfiguration;
			buildSettings = {
				BUNDLE_LOADER = "$(TEST_HOST)";
				CODE_SIGN_STYLE = Automatic;
				DEVELOPMENT_TEAM = 94WY3HPZ4Q;
				INFOPLIST_FILE = "Cat Cards Tests/Info.plist";
				IPHONEOS_DEPLOYMENT_TARGET = 14.4;
				LD_RUNPATH_SEARCH_PATHS = (
					"$(inherited)",
					"@executable_path/Frameworks",
					"@loader_path/Frameworks",
				);
				PRODUCT_BUNDLE_IDENTIFIER = "com.ouyangapps.Cat-Cards-Tests";
				PRODUCT_NAME = "$(TARGET_NAME)";
				SWIFT_VERSION = 5.0;
				TARGETED_DEVICE_FAMILY = "1,2";
				TEST_HOST = "$(BUILT_PRODUCTS_DIR)/Cat Cards.app/Cat Cards";
			};
			name = Release;
		};
		F6BAF01126037C8F004D5A50 /* Debug */ = {
			isa = XCBuildConfiguration;
			buildSettings = {
				CODE_SIGN_STYLE = Automatic;
				DEVELOPMENT_TEAM = 94WY3HPZ4Q;
				INFOPLIST_FILE = "Cat Cards UITests/Info.plist";
				IPHONEOS_DEPLOYMENT_TARGET = 14.4;
				LD_RUNPATH_SEARCH_PATHS = (
					"$(inherited)",
					"@executable_path/Frameworks",
					"@loader_path/Frameworks",
				);
				PRODUCT_BUNDLE_IDENTIFIER = "com.ouyangapps.Cat-Cards-UITests";
				PRODUCT_NAME = "$(TARGET_NAME)";
				SWIFT_VERSION = 5.0;
				TARGETED_DEVICE_FAMILY = "1,2";
				TEST_TARGET_NAME = CatCards;
			};
			name = Debug;
		};
		F6BAF01226037C8F004D5A50 /* Release */ = {
			isa = XCBuildConfiguration;
			buildSettings = {
				CODE_SIGN_STYLE = Automatic;
				DEVELOPMENT_TEAM = 94WY3HPZ4Q;
				INFOPLIST_FILE = "Cat Cards UITests/Info.plist";
				IPHONEOS_DEPLOYMENT_TARGET = 14.4;
				LD_RUNPATH_SEARCH_PATHS = (
					"$(inherited)",
					"@executable_path/Frameworks",
					"@loader_path/Frameworks",
				);
				PRODUCT_BUNDLE_IDENTIFIER = "com.ouyangapps.Cat-Cards-UITests";
				PRODUCT_NAME = "$(TARGET_NAME)";
				SWIFT_VERSION = 5.0;
				TARGETED_DEVICE_FAMILY = "1,2";
				TEST_TARGET_NAME = CatCards;
			};
			name = Release;
		};
/* End XCBuildConfiguration section */

/* Begin XCConfigurationList section */
		F6746FDC24C6DCF2006A2905 /* Build configuration list for PBXProject "CatCards" */ = {
			isa = XCConfigurationList;
			buildConfigurations = (
				F6746FF524C6DCF5006A2905 /* Debug */,
				F6746FF624C6DCF5006A2905 /* Release */,
			);
			defaultConfigurationIsVisible = 0;
			defaultConfigurationName = Release;
		};
		F6746FF724C6DCF5006A2905 /* Build configuration list for PBXNativeTarget "CatCards" */ = {
			isa = XCConfigurationList;
			buildConfigurations = (
				F6746FF824C6DCF5006A2905 /* Debug */,
				F6746FF924C6DCF5006A2905 /* Release */,
			);
			defaultConfigurationIsVisible = 0;
			defaultConfigurationName = Release;
		};
		F6BAEFF626022D8C004D5A50 /* Build configuration list for PBXNativeTarget "Cat Cards Tests" */ = {
			isa = XCConfigurationList;
			buildConfigurations = (
				F6BAEFF426022D8C004D5A50 /* Debug */,
				F6BAEFF526022D8C004D5A50 /* Release */,
			);
			defaultConfigurationIsVisible = 0;
			defaultConfigurationName = Release;
		};
		F6BAF01026037C8F004D5A50 /* Build configuration list for PBXNativeTarget "Cat Cards UITests" */ = {
			isa = XCConfigurationList;
			buildConfigurations = (
				F6BAF01126037C8F004D5A50 /* Debug */,
				F6BAF01226037C8F004D5A50 /* Release */,
			);
			defaultConfigurationIsVisible = 0;
			defaultConfigurationName = Release;
		};
/* End XCConfigurationList section */

/* Begin XCVersionGroup section */
		F60214D224E5205500872F34 /* DataModel.xcdatamodeld */ = {
			isa = XCVersionGroup;
			children = (
				F60214D324E5205500872F34 /* DataModel.xcdatamodel */,
			);
			currentVersion = F60214D324E5205500872F34 /* DataModel.xcdatamodel */;
			path = DataModel.xcdatamodeld;
			sourceTree = "<group>";
			versionGroupType = wrapper.xcdatamodel;
		};
/* End XCVersionGroup section */
	};
	rootObject = F6746FD924C6DCF2006A2905 /* Project object */;
}
