// !$*UTF8*$!
{
	archiveVersion = 1;
	classes = {
	};
	objectVersion = 51;
	objects = {

/* Begin PBXBuildFile section */
		004C3B56318AD936B4893427 /* Pods_CatCards.framework in Frameworks */ = {isa = PBXBuildFile; fileRef = 2F5C82BF49C7513BD5BE102C /* Pods_CatCards.framework */; };
		F60214D424E5205500872F34 /* DataModel.xcdatamodeld in Sources */ = {isa = PBXBuildFile; fileRef = F60214D224E5205500872F34 /* DataModel.xcdatamodeld */; };
		F612B5F62554F304008BBCDC /* ImageProcess.swift in Sources */ = {isa = PBXBuildFile; fileRef = F612B5F52554F304008BBCDC /* ImageProcess.swift */; };
		F6240A9B258B18EE00217C2D /* Localizable.strings in Resources */ = {isa = PBXBuildFile; fileRef = F6240A9D258B18EE00217C2D /* Localizable.strings */; };
		F6240AA4258B2EB800217C2D /* Strings.swift in Sources */ = {isa = PBXBuildFile; fileRef = F6240AA3258B2EB800217C2D /* Strings.swift */; };
		F6240AAD258B425C00217C2D /* InfoPlist.strings in Resources */ = {isa = PBXBuildFile; fileRef = F6240AAC258B425C00217C2D /* InfoPlist.strings */; };
		F639A17D24E29FB600FB6C0A /* CollectionVC.swift in Sources */ = {isa = PBXBuildFile; fileRef = F639A17C24E29FB600FB6C0A /* CollectionVC.swift */; };
		F639A17F24E29FD000FB6C0A /* Cell.swift in Sources */ = {isa = PBXBuildFile; fileRef = F639A17E24E29FD000FB6C0A /* Cell.swift */; };
		F64FFF0D2518A10900E80DE2 /* SingleImageVC.swift in Sources */ = {isa = PBXBuildFile; fileRef = F64FFF0C2518A10900E80DE2 /* SingleImageVC.swift */; };
		F6746FE524C6DCF2006A2905 /* AppDelegate.swift in Sources */ = {isa = PBXBuildFile; fileRef = F6746FE424C6DCF2006A2905 /* AppDelegate.swift */; };
		F6746FE724C6DCF2006A2905 /* SceneDelegate.swift in Sources */ = {isa = PBXBuildFile; fileRef = F6746FE624C6DCF2006A2905 /* SceneDelegate.swift */; };
		F6746FEE24C6DCF2006A2905 /* Main.storyboard in Resources */ = {isa = PBXBuildFile; fileRef = F6746FEC24C6DCF2006A2905 /* Main.storyboard */; };
		F6746FF024C6DCF5006A2905 /* Assets.xcassets in Resources */ = {isa = PBXBuildFile; fileRef = F6746FEF24C6DCF5006A2905 /* Assets.xcassets */; };
		F6746FF324C6DCF5006A2905 /* LaunchScreen.storyboard in Resources */ = {isa = PBXBuildFile; fileRef = F6746FF124C6DCF5006A2905 /* LaunchScreen.storyboard */; };
		F6746FFD24C6E02C006A2905 /* NetworkManager.swift in Sources */ = {isa = PBXBuildFile; fileRef = F6746FFC24C6E02C006A2905 /* NetworkManager.swift */; };
		F6746FFF24C6E245006A2905 /* MainViewController.swift in Sources */ = {isa = PBXBuildFile; fileRef = F6746FFE24C6E245006A2905 /* MainViewController.swift */; };
		F674700124C6E8F3006A2905 /* JSONModel.swift in Sources */ = {isa = PBXBuildFile; fileRef = F674700024C6E8F3006A2905 /* JSONModel.swift */; };
		F67B192024E6672E003E5A83 /* DatabaseManager.swift in Sources */ = {isa = PBXBuildFile; fileRef = F67B191F24E6672E003E5A83 /* DatabaseManager.swift */; };
		F67E4DEE24CE80A7006DDE96 /* CatData.swift in Sources */ = {isa = PBXBuildFile; fileRef = F67E4DED24CE80A7006DDE96 /* CatData.swift */; };
		F67E4E3224D3C571006DDE96 /* Constants.swift in Sources */ = {isa = PBXBuildFile; fileRef = F67E4E3124D3C571006DDE96 /* Constants.swift */; };
		F6C928202540678B00BAB89E /* ImageScrollView.swift in Sources */ = {isa = PBXBuildFile; fileRef = F6C9281F2540678B00BAB89E /* ImageScrollView.swift */; };
		F6CE40AB2593063700B09008 /* OnboardData.swift in Sources */ = {isa = PBXBuildFile; fileRef = F6CE40AA2593063700B09008 /* OnboardData.swift */; };
		F6CE40AE2593231000B09008 /* HintView.swift in Sources */ = {isa = PBXBuildFile; fileRef = F6CE40AD2593231000B09008 /* HintView.swift */; };
		F6D09CCC259DD89600EAAE1C /* Secrets.swift in Sources */ = {isa = PBXBuildFile; fileRef = F6D09CCB259DD89600EAAE1C /* Secrets.swift */; };
		F6EDE0AF254F998900513A98 /* CardView.swift in Sources */ = {isa = PBXBuildFile; fileRef = F6EDE0AE254F998900513A98 /* CardView.swift */; };
/* End PBXBuildFile section */

/* Begin PBXFileReference section */
		2F5C82BF49C7513BD5BE102C /* Pods_CatCards.framework */ = {isa = PBXFileReference; explicitFileType = wrapper.framework; includeInIndex = 0; path = Pods_CatCards.framework; sourceTree = BUILT_PRODUCTS_DIR; };
		41168D40AA6045FECBED4B3F /* Pods-CatCards.debug.xcconfig */ = {isa = PBXFileReference; includeInIndex = 1; lastKnownFileType = text.xcconfig; name = "Pods-CatCards.debug.xcconfig"; path = "Target Support Files/Pods-CatCards/Pods-CatCards.debug.xcconfig"; sourceTree = "<group>"; };
		681AB58E2DF9E98BFA9DCD21 /* Pods-CatCards.release.xcconfig */ = {isa = PBXFileReference; includeInIndex = 1; lastKnownFileType = text.xcconfig; name = "Pods-CatCards.release.xcconfig"; path = "Target Support Files/Pods-CatCards/Pods-CatCards.release.xcconfig"; sourceTree = "<group>"; };
		F60214D324E5205500872F34 /* DataModel.xcdatamodel */ = {isa = PBXFileReference; lastKnownFileType = wrapper.xcdatamodel; path = DataModel.xcdatamodel; sourceTree = "<group>"; };
		F612B5F52554F304008BBCDC /* ImageProcess.swift */ = {isa = PBXFileReference; lastKnownFileType = sourcecode.swift; path = ImageProcess.swift; sourceTree = "<group>"; };
		F6240A9C258B18EE00217C2D /* en */ = {isa = PBXFileReference; lastKnownFileType = text.plist.strings; name = en; path = en.lproj/Localizable.strings; sourceTree = "<group>"; };
		F6240A9F258B190000217C2D /* zh-Hant */ = {isa = PBXFileReference; lastKnownFileType = text.plist.strings; name = "zh-Hant"; path = "zh-Hant.lproj/Localizable.strings"; sourceTree = "<group>"; };
		F6240AA3258B2EB800217C2D /* Strings.swift */ = {isa = PBXFileReference; lastKnownFileType = sourcecode.swift; path = Strings.swift; sourceTree = "<group>"; };
		F6240AA8258B407600217C2D /* en */ = {isa = PBXFileReference; lastKnownFileType = text.plist.strings; name = en; path = en.lproj/Main.strings; sourceTree = "<group>"; };
		F6240AAA258B40AF00217C2D /* zh-Hant */ = {isa = PBXFileReference; lastKnownFileType = text.plist.strings; name = "zh-Hant"; path = "zh-Hant.lproj/Main.strings"; sourceTree = "<group>"; };
		F6240AAC258B425C00217C2D /* InfoPlist.strings */ = {isa = PBXFileReference; lastKnownFileType = text.plist.strings; name = InfoPlist.strings; path = "zh-Hant.lproj/InfoPlist.strings"; sourceTree = "<group>"; };
		F639A17C24E29FB600FB6C0A /* CollectionVC.swift */ = {isa = PBXFileReference; lastKnownFileType = sourcecode.swift; path = CollectionVC.swift; sourceTree = "<group>"; };
		F639A17E24E29FD000FB6C0A /* Cell.swift */ = {isa = PBXFileReference; lastKnownFileType = sourcecode.swift; path = Cell.swift; sourceTree = "<group>"; };
		F64FFF0C2518A10900E80DE2 /* SingleImageVC.swift */ = {isa = PBXFileReference; lastKnownFileType = sourcecode.swift; path = SingleImageVC.swift; sourceTree = "<group>"; };
		F6746FE124C6DCF2006A2905 /* Cat Cards.app */ = {isa = PBXFileReference; explicitFileType = wrapper.application; includeInIndex = 0; path = "Cat Cards.app"; sourceTree = BUILT_PRODUCTS_DIR; };
		F6746FE424C6DCF2006A2905 /* AppDelegate.swift */ = {isa = PBXFileReference; lastKnownFileType = sourcecode.swift; path = AppDelegate.swift; sourceTree = "<group>"; };
		F6746FE624C6DCF2006A2905 /* SceneDelegate.swift */ = {isa = PBXFileReference; lastKnownFileType = sourcecode.swift; path = SceneDelegate.swift; sourceTree = "<group>"; };
		F6746FED24C6DCF2006A2905 /* Base */ = {isa = PBXFileReference; lastKnownFileType = file.storyboard; name = Base; path = Base.lproj/Main.storyboard; sourceTree = "<group>"; };
		F6746FEF24C6DCF5006A2905 /* Assets.xcassets */ = {isa = PBXFileReference; lastKnownFileType = folder.assetcatalog; path = Assets.xcassets; sourceTree = "<group>"; };
		F6746FF224C6DCF5006A2905 /* Base */ = {isa = PBXFileReference; lastKnownFileType = file.storyboard; name = Base; path = Base.lproj/LaunchScreen.storyboard; sourceTree = "<group>"; };
		F6746FF424C6DCF5006A2905 /* Info.plist */ = {isa = PBXFileReference; lastKnownFileType = text.plist.xml; path = Info.plist; sourceTree = "<group>"; };
		F6746FFC24C6E02C006A2905 /* NetworkManager.swift */ = {isa = PBXFileReference; lastKnownFileType = sourcecode.swift; path = NetworkManager.swift; sourceTree = "<group>"; };
		F6746FFE24C6E245006A2905 /* MainViewController.swift */ = {isa = PBXFileReference; fileEncoding = 4; lastKnownFileType = sourcecode.swift; path = MainViewController.swift; sourceTree = "<group>"; };
		F674700024C6E8F3006A2905 /* JSONModel.swift */ = {isa = PBXFileReference; fileEncoding = 4; lastKnownFileType = sourcecode.swift; path = JSONModel.swift; sourceTree = "<group>"; };
		F67B191F24E6672E003E5A83 /* DatabaseManager.swift */ = {isa = PBXFileReference; lastKnownFileType = sourcecode.swift; path = DatabaseManager.swift; sourceTree = "<group>"; };
		F67E4DED24CE80A7006DDE96 /* CatData.swift */ = {isa = PBXFileReference; lastKnownFileType = sourcecode.swift; path = CatData.swift; sourceTree = "<group>"; };
		F67E4E3124D3C571006DDE96 /* Constants.swift */ = {isa = PBXFileReference; lastKnownFileType = sourcecode.swift; path = Constants.swift; sourceTree = "<group>"; };
		F6C9281F2540678B00BAB89E /* ImageScrollView.swift */ = {isa = PBXFileReference; lastKnownFileType = sourcecode.swift; path = ImageScrollView.swift; sourceTree = "<group>"; };
		F6CE40AA2593063700B09008 /* OnboardData.swift */ = {isa = PBXFileReference; lastKnownFileType = sourcecode.swift; path = OnboardData.swift; sourceTree = "<group>"; };
		F6CE40AD2593231000B09008 /* HintView.swift */ = {isa = PBXFileReference; lastKnownFileType = sourcecode.swift; path = HintView.swift; sourceTree = "<group>"; };
		F6D09CCB259DD89600EAAE1C /* Secrets.swift */ = {isa = PBXFileReference; lastKnownFileType = sourcecode.swift; path = Secrets.swift; sourceTree = "<group>"; };
		F6EDE0AE254F998900513A98 /* CardView.swift */ = {isa = PBXFileReference; lastKnownFileType = sourcecode.swift; path = CardView.swift; sourceTree = "<group>"; };
/* End PBXFileReference section */

/* Begin PBXFrameworksBuildPhase section */
		F6746FDE24C6DCF2006A2905 /* Frameworks */ = {
			isa = PBXFrameworksBuildPhase;
			buildActionMask = 2147483647;
			files = (
				004C3B56318AD936B4893427 /* Pods_CatCards.framework in Frameworks */,
			);
			runOnlyForDeploymentPostprocessing = 0;
		};
/* End PBXFrameworksBuildPhase section */

/* Begin PBXGroup section */
		08D6B19F07BC6817AED59A2A /* Pods */ = {
			isa = PBXGroup;
			children = (
				41168D40AA6045FECBED4B3F /* Pods-CatCards.debug.xcconfig */,
				681AB58E2DF9E98BFA9DCD21 /* Pods-CatCards.release.xcconfig */,
			);
			path = Pods;
			sourceTree = "<group>";
		};
		123A2E7C1E4920CB427642D2 /* Frameworks */ = {
			isa = PBXGroup;
			children = (
				2F5C82BF49C7513BD5BE102C /* Pods_CatCards.framework */,
			);
			name = Frameworks;
			sourceTree = "<group>";
		};
		F6746FD824C6DCF2006A2905 = {
			isa = PBXGroup;
			children = (
				F6746FE324C6DCF2006A2905 /* CatCards */,
				F6746FE224C6DCF2006A2905 /* Products */,
				08D6B19F07BC6817AED59A2A /* Pods */,
				123A2E7C1E4920CB427642D2 /* Frameworks */,
			);
			sourceTree = "<group>";
		};
		F6746FE224C6DCF2006A2905 /* Products */ = {
			isa = PBXGroup;
			children = (
				F6746FE124C6DCF2006A2905 /* Cat Cards.app */,
			);
			name = Products;
			sourceTree = "<group>";
		};
		F6746FE324C6DCF2006A2905 /* CatCards */ = {
			isa = PBXGroup;
			children = (
				F6746FE424C6DCF2006A2905 /* AppDelegate.swift */,
				F6746FE624C6DCF2006A2905 /* SceneDelegate.swift */,
				F674700624C9631F006A2905 /* Model */,
				F674700724C96330006A2905 /* View */,
				F674700824C9633E006A2905 /* Controller */,
				F67E4DEA24CC7725006DDE96 /* Service */,
				F67E4E3124D3C571006DDE96 /* Constants.swift */,
				F6240AA3258B2EB800217C2D /* Strings.swift */,
				F6240A9D258B18EE00217C2D /* Localizable.strings */,
				F6240AAC258B425C00217C2D /* InfoPlist.strings */,
				F6746FF424C6DCF5006A2905 /* Info.plist */,
				F6746FEF24C6DCF5006A2905 /* Assets.xcassets */,
				F6D09CCB259DD89600EAAE1C /* Secrets.swift */,
			);
			path = CatCards;
			sourceTree = "<group>";
		};
		F674700624C9631F006A2905 /* Model */ = {
			isa = PBXGroup;
			children = (
				F67E4DED24CE80A7006DDE96 /* CatData.swift */,
				F674700024C6E8F3006A2905 /* JSONModel.swift */,
				F60214D224E5205500872F34 /* DataModel.xcdatamodeld */,
				F6CE40AA2593063700B09008 /* OnboardData.swift */,
			);
			path = Model;
			sourceTree = "<group>";
		};
		F674700724C96330006A2905 /* View */ = {
			isa = PBXGroup;
			children = (
				F6EDE0AE254F998900513A98 /* CardView.swift */,
				F6CE40AD2593231000B09008 /* HintView.swift */,
				F6C9281F2540678B00BAB89E /* ImageScrollView.swift */,
				F6746FEC24C6DCF2006A2905 /* Main.storyboard */,
				F6746FF124C6DCF5006A2905 /* LaunchScreen.storyboard */,
			);
			path = View;
			sourceTree = "<group>";
		};
		F674700824C9633E006A2905 /* Controller */ = {
			isa = PBXGroup;
			children = (
				F6746FFE24C6E245006A2905 /* MainViewController.swift */,
				F639A17C24E29FB600FB6C0A /* CollectionVC.swift */,
				F639A17E24E29FD000FB6C0A /* Cell.swift */,
				F64FFF0C2518A10900E80DE2 /* SingleImageVC.swift */,
			);
			path = Controller;
			sourceTree = "<group>";
		};
		F67E4DEA24CC7725006DDE96 /* Service */ = {
			isa = PBXGroup;
			children = (
				F6746FFC24C6E02C006A2905 /* NetworkManager.swift */,
				F67B191F24E6672E003E5A83 /* DatabaseManager.swift */,
				F612B5F52554F304008BBCDC /* ImageProcess.swift */,
			);
			path = Service;
			sourceTree = "<group>";
		};
/* End PBXGroup section */

/* Begin PBXNativeTarget section */
		F6746FE024C6DCF2006A2905 /* CatCards */ = {
			isa = PBXNativeTarget;
			buildConfigurationList = F6746FF724C6DCF5006A2905 /* Build configuration list for PBXNativeTarget "CatCards" */;
			buildPhases = (
				04668555BB54A6C3C761B2A6 /* [CP] Check Pods Manifest.lock */,
				F6746FDD24C6DCF2006A2905 /* Sources */,
				F6746FDE24C6DCF2006A2905 /* Frameworks */,
				F6746FDF24C6DCF2006A2905 /* Resources */,
				CD5C58DBDBBA78292560FF20 /* [CP] Embed Pods Frameworks */,
			);
			buildRules = (
			);
			dependencies = (
			);
			name = CatCards;
			productName = CatAndDog;
			productReference = F6746FE124C6DCF2006A2905 /* Cat Cards.app */;
			productType = "com.apple.product-type.application";
		};
/* End PBXNativeTarget section */

/* Begin PBXProject section */
		F6746FD924C6DCF2006A2905 /* Project object */ = {
			isa = PBXProject;
			attributes = {
				LastSwiftUpdateCheck = 1160;
				LastUpgradeCheck = 1200;
				ORGANIZATIONNAME = "Jason Ou Yang";
				TargetAttributes = {
					F6746FE024C6DCF2006A2905 = {
						CreatedOnToolsVersion = 11.6;
					};
				};
			};
			buildConfigurationList = F6746FDC24C6DCF2006A2905 /* Build configuration list for PBXProject "CatCards" */;
			compatibilityVersion = "Xcode 9.3";
			developmentRegion = en;
			hasScannedForEncodings = 0;
			knownRegions = (
				en,
				Base,
				"zh-Hant",
			);
			mainGroup = F6746FD824C6DCF2006A2905;
			productRefGroup = F6746FE224C6DCF2006A2905 /* Products */;
			projectDirPath = "";
			projectRoot = "";
			targets = (
				F6746FE024C6DCF2006A2905 /* CatCards */,
			);
		};
/* End PBXProject section */

/* Begin PBXResourcesBuildPhase section */
		F6746FDF24C6DCF2006A2905 /* Resources */ = {
			isa = PBXResourcesBuildPhase;
			buildActionMask = 2147483647;
			files = (
				F6746FF324C6DCF5006A2905 /* LaunchScreen.storyboard in Resources */,
				F6240A9B258B18EE00217C2D /* Localizable.strings in Resources */,
				F6746FF024C6DCF5006A2905 /* Assets.xcassets in Resources */,
				F6746FEE24C6DCF2006A2905 /* Main.storyboard in Resources */,
				F6240AAD258B425C00217C2D /* InfoPlist.strings in Resources */,
			);
			runOnlyForDeploymentPostprocessing = 0;
		};
/* End PBXResourcesBuildPhase section */

/* Begin PBXShellScriptBuildPhase section */
		04668555BB54A6C3C761B2A6 /* [CP] Check Pods Manifest.lock */ = {
			isa = PBXShellScriptBuildPhase;
			buildActionMask = 2147483647;
			files = (
			);
			inputFileListPaths = (
			);
			inputPaths = (
				"${PODS_PODFILE_DIR_PATH}/Podfile.lock",
				"${PODS_ROOT}/Manifest.lock",
			);
			name = "[CP] Check Pods Manifest.lock";
			outputFileListPaths = (
			);
			outputPaths = (
				"$(DERIVED_FILE_DIR)/Pods-CatCards-checkManifestLockResult.txt",
			);
			runOnlyForDeploymentPostprocessing = 0;
			shellPath = /bin/sh;
			shellScript = "diff \"${PODS_PODFILE_DIR_PATH}/Podfile.lock\" \"${PODS_ROOT}/Manifest.lock\" > /dev/null\nif [ $? != 0 ] ; then\n    # print error to STDERR\n    echo \"error: The sandbox is not in sync with the Podfile.lock. Run 'pod install' or update your CocoaPods installation.\" >&2\n    exit 1\nfi\n# This output is used by Xcode 'outputs' to avoid re-running this script phase.\necho \"SUCCESS\" > \"${SCRIPT_OUTPUT_FILE_0}\"\n";
			showEnvVarsInLog = 0;
		};
		CD5C58DBDBBA78292560FF20 /* [CP] Embed Pods Frameworks */ = {
			isa = PBXShellScriptBuildPhase;
			buildActionMask = 2147483647;
			files = (
			);
			inputFileListPaths = (
				"${PODS_ROOT}/Target Support Files/Pods-CatCards/Pods-CatCards-frameworks-${CONFIGURATION}-input-files.xcfilelist",
			);
			name = "[CP] Embed Pods Frameworks";
			outputFileListPaths = (
				"${PODS_ROOT}/Target Support Files/Pods-CatCards/Pods-CatCards-frameworks-${CONFIGURATION}-output-files.xcfilelist",
			);
			runOnlyForDeploymentPostprocessing = 0;
			shellPath = /bin/sh;
			shellScript = "\"${PODS_ROOT}/Target Support Files/Pods-CatCards/Pods-CatCards-frameworks.sh\"\n";
			showEnvVarsInLog = 0;
		};
/* End PBXShellScriptBuildPhase section */

/* Begin PBXSourcesBuildPhase section */
		F6746FDD24C6DCF2006A2905 /* Sources */ = {
			isa = PBXSourcesBuildPhase;
			buildActionMask = 2147483647;
			files = (
				F6D09CCC259DD89600EAAE1C /* Secrets.swift in Sources */,
				F6EDE0AF254F998900513A98 /* CardView.swift in Sources */,
				F6CE40AE2593231000B09008 /* HintView.swift in Sources */,
				F6746FFD24C6E02C006A2905 /* NetworkManager.swift in Sources */,
				F6240AA4258B2EB800217C2D /* Strings.swift in Sources */,
				F67B192024E6672E003E5A83 /* DatabaseManager.swift in Sources */,
				F612B5F62554F304008BBCDC /* ImageProcess.swift in Sources */,
				F6C928202540678B00BAB89E /* ImageScrollView.swift in Sources */,
				F60214D424E5205500872F34 /* DataModel.xcdatamodeld in Sources */,
				F674700124C6E8F3006A2905 /* JSONModel.swift in Sources */,
				F639A17F24E29FD000FB6C0A /* Cell.swift in Sources */,
				F6746FE524C6DCF2006A2905 /* AppDelegate.swift in Sources */,
				F6CE40AB2593063700B09008 /* OnboardData.swift in Sources */,
				F67E4E3224D3C571006DDE96 /* Constants.swift in Sources */,
				F639A17D24E29FB600FB6C0A /* CollectionVC.swift in Sources */,
				F64FFF0D2518A10900E80DE2 /* SingleImageVC.swift in Sources */,
				F6746FE724C6DCF2006A2905 /* SceneDelegate.swift in Sources */,
				F6746FFF24C6E245006A2905 /* MainViewController.swift in Sources */,
				F67E4DEE24CE80A7006DDE96 /* CatData.swift in Sources */,
			);
			runOnlyForDeploymentPostprocessing = 0;
		};
/* End PBXSourcesBuildPhase section */

/* Begin PBXVariantGroup section */
		F6240A9D258B18EE00217C2D /* Localizable.strings */ = {
			isa = PBXVariantGroup;
			children = (
				F6240A9C258B18EE00217C2D /* en */,
				F6240A9F258B190000217C2D /* zh-Hant */,
			);
			name = Localizable.strings;
			sourceTree = "<group>";
		};
		F6746FEC24C6DCF2006A2905 /* Main.storyboard */ = {
			isa = PBXVariantGroup;
			children = (
				F6746FED24C6DCF2006A2905 /* Base */,
				F6240AA8258B407600217C2D /* en */,
				F6240AAA258B40AF00217C2D /* zh-Hant */,
			);
			name = Main.storyboard;
			sourceTree = "<group>";
		};
		F6746FF124C6DCF5006A2905 /* LaunchScreen.storyboard */ = {
			isa = PBXVariantGroup;
			children = (
				F6746FF224C6DCF5006A2905 /* Base */,
			);
			name = LaunchScreen.storyboard;
			sourceTree = "<group>";
		};
/* End PBXVariantGroup section */

/* Begin XCBuildConfiguration section */
		F6746FF524C6DCF5006A2905 /* Debug */ = {
			isa = XCBuildConfiguration;
			buildSettings = {
				ALWAYS_SEARCH_USER_PATHS = NO;
				CLANG_ANALYZER_LOCALIZABILITY_NONLOCALIZED = YES;
				CLANG_ANALYZER_NONNULL = YES;
				CLANG_ANALYZER_NUMBER_OBJECT_CONVERSION = YES_AGGRESSIVE;
				CLANG_CXX_LANGUAGE_STANDARD = "gnu++14";
				CLANG_CXX_LIBRARY = "libc++";
				CLANG_ENABLE_MODULES = YES;
				CLANG_ENABLE_OBJC_ARC = YES;
				CLANG_ENABLE_OBJC_WEAK = YES;
				CLANG_WARN_BLOCK_CAPTURE_AUTORELEASING = YES;
				CLANG_WARN_BOOL_CONVERSION = YES;
				CLANG_WARN_COMMA = YES;
				CLANG_WARN_CONSTANT_CONVERSION = YES;
				CLANG_WARN_DEPRECATED_OBJC_IMPLEMENTATIONS = YES;
				CLANG_WARN_DIRECT_OBJC_ISA_USAGE = YES_ERROR;
				CLANG_WARN_DOCUMENTATION_COMMENTS = YES;
				CLANG_WARN_EMPTY_BODY = YES;
				CLANG_WARN_ENUM_CONVERSION = YES;
				CLANG_WARN_INFINITE_RECURSION = YES;
				CLANG_WARN_INT_CONVERSION = YES;
				CLANG_WARN_NON_LITERAL_NULL_CONVERSION = YES;
				CLANG_WARN_OBJC_IMPLICIT_RETAIN_SELF = YES;
				CLANG_WARN_OBJC_LITERAL_CONVERSION = YES;
				CLANG_WARN_OBJC_ROOT_CLASS = YES_ERROR;
				CLANG_WARN_QUOTED_INCLUDE_IN_FRAMEWORK_HEADER = YES;
				CLANG_WARN_RANGE_LOOP_ANALYSIS = YES;
				CLANG_WARN_STRICT_PROTOTYPES = YES;
				CLANG_WARN_SUSPICIOUS_MOVE = YES;
				CLANG_WARN_UNGUARDED_AVAILABILITY = YES_AGGRESSIVE;
				CLANG_WARN_UNREACHABLE_CODE = YES;
				CLANG_WARN__DUPLICATE_METHOD_MATCH = YES;
				COPY_PHASE_STRIP = NO;
				DEBUG_INFORMATION_FORMAT = dwarf;
				ENABLE_STRICT_OBJC_MSGSEND = YES;
				ENABLE_TESTABILITY = YES;
				GCC_C_LANGUAGE_STANDARD = gnu11;
				GCC_DYNAMIC_NO_PIC = NO;
				GCC_NO_COMMON_BLOCKS = YES;
				GCC_OPTIMIZATION_LEVEL = 0;
				GCC_PREPROCESSOR_DEFINITIONS = (
					"DEBUG=1",
					"$(inherited)",
				);
				GCC_WARN_64_TO_32_BIT_CONVERSION = YES;
				GCC_WARN_ABOUT_RETURN_TYPE = YES_ERROR;
				GCC_WARN_UNDECLARED_SELECTOR = YES;
				GCC_WARN_UNINITIALIZED_AUTOS = YES_AGGRESSIVE;
				GCC_WARN_UNUSED_FUNCTION = YES;
				GCC_WARN_UNUSED_VARIABLE = YES;
				IPHONEOS_DEPLOYMENT_TARGET = 13.0;
				MTL_ENABLE_DEBUG_INFO = INCLUDE_SOURCE;
				MTL_FAST_MATH = YES;
				ONLY_ACTIVE_ARCH = YES;
				SDKROOT = iphoneos;
				SWIFT_ACTIVE_COMPILATION_CONDITIONS = DEBUG;
				SWIFT_OPTIMIZATION_LEVEL = "-Onone";
			};
			name = Debug;
		};
		F6746FF624C6DCF5006A2905 /* Release */ = {
			isa = XCBuildConfiguration;
			buildSettings = {
				ALWAYS_SEARCH_USER_PATHS = NO;
				CLANG_ANALYZER_LOCALIZABILITY_NONLOCALIZED = YES;
				CLANG_ANALYZER_NONNULL = YES;
				CLANG_ANALYZER_NUMBER_OBJECT_CONVERSION = YES_AGGRESSIVE;
				CLANG_CXX_LANGUAGE_STANDARD = "gnu++14";
				CLANG_CXX_LIBRARY = "libc++";
				CLANG_ENABLE_MODULES = YES;
				CLANG_ENABLE_OBJC_ARC = YES;
				CLANG_ENABLE_OBJC_WEAK = YES;
				CLANG_WARN_BLOCK_CAPTURE_AUTORELEASING = YES;
				CLANG_WARN_BOOL_CONVERSION = YES;
				CLANG_WARN_COMMA = YES;
				CLANG_WARN_CONSTANT_CONVERSION = YES;
				CLANG_WARN_DEPRECATED_OBJC_IMPLEMENTATIONS = YES;
				CLANG_WARN_DIRECT_OBJC_ISA_USAGE = YES_ERROR;
				CLANG_WARN_DOCUMENTATION_COMMENTS = YES;
				CLANG_WARN_EMPTY_BODY = YES;
				CLANG_WARN_ENUM_CONVERSION = YES;
				CLANG_WARN_INFINITE_RECURSION = YES;
				CLANG_WARN_INT_CONVERSION = YES;
				CLANG_WARN_NON_LITERAL_NULL_CONVERSION = YES;
				CLANG_WARN_OBJC_IMPLICIT_RETAIN_SELF = YES;
				CLANG_WARN_OBJC_LITERAL_CONVERSION = YES;
				CLANG_WARN_OBJC_ROOT_CLASS = YES_ERROR;
				CLANG_WARN_QUOTED_INCLUDE_IN_FRAMEWORK_HEADER = YES;
				CLANG_WARN_RANGE_LOOP_ANALYSIS = YES;
				CLANG_WARN_STRICT_PROTOTYPES = YES;
				CLANG_WARN_SUSPICIOUS_MOVE = YES;
				CLANG_WARN_UNGUARDED_AVAILABILITY = YES_AGGRESSIVE;
				CLANG_WARN_UNREACHABLE_CODE = YES;
				CLANG_WARN__DUPLICATE_METHOD_MATCH = YES;
				COPY_PHASE_STRIP = NO;
				DEBUG_INFORMATION_FORMAT = "dwarf-with-dsym";
				ENABLE_NS_ASSERTIONS = NO;
				ENABLE_STRICT_OBJC_MSGSEND = YES;
				GCC_C_LANGUAGE_STANDARD = gnu11;
				GCC_NO_COMMON_BLOCKS = YES;
				GCC_WARN_64_TO_32_BIT_CONVERSION = YES;
				GCC_WARN_ABOUT_RETURN_TYPE = YES_ERROR;
				GCC_WARN_UNDECLARED_SELECTOR = YES;
				GCC_WARN_UNINITIALIZED_AUTOS = YES_AGGRESSIVE;
				GCC_WARN_UNUSED_FUNCTION = YES;
				GCC_WARN_UNUSED_VARIABLE = YES;
				IPHONEOS_DEPLOYMENT_TARGET = 13.0;
				MTL_ENABLE_DEBUG_INFO = NO;
				MTL_FAST_MATH = YES;
				SDKROOT = iphoneos;
				SWIFT_COMPILATION_MODE = wholemodule;
				SWIFT_OPTIMIZATION_LEVEL = "-O";
				VALIDATE_PRODUCT = YES;
			};
			name = Release;
		};
		F6746FF824C6DCF5006A2905 /* Debug */ = {
			isa = XCBuildConfiguration;
			baseConfigurationReference = 41168D40AA6045FECBED4B3F /* Pods-CatCards.debug.xcconfig */;
			buildSettings = {
				ASSETCATALOG_COMPILER_APPICON_NAME = AppIcon;
				CODE_SIGN_STYLE = Automatic;
				CURRENT_PROJECT_VERSION = 23;
				DEVELOPMENT_TEAM = 94WY3HPZ4Q;
				INFOPLIST_FILE = CatCards/Info.plist;
				LD_RUNPATH_SEARCH_PATHS = (
					"$(inherited)",
					"@executable_path/Frameworks",
				);
				MARKETING_VERSION = 1.0.0;
				PRODUCT_BUNDLE_IDENTIFIER = com.ouyangapps.CatCards;
				PRODUCT_NAME = "Cat Cards";
				SWIFT_VERSION = 5.0;
				TARGETED_DEVICE_FAMILY = 1;
			};
			name = Debug;
		};
		F6746FF924C6DCF5006A2905 /* Release */ = {
			isa = XCBuildConfiguration;
			baseConfigurationReference = 681AB58E2DF9E98BFA9DCD21 /* Pods-CatCards.release.xcconfig */;
			buildSettings = {
				ASSETCATALOG_COMPILER_APPICON_NAME = AppIcon;
				CODE_SIGN_STYLE = Automatic;
				CURRENT_PROJECT_VERSION = 23;
				DEVELOPMENT_TEAM = 94WY3HPZ4Q;
				INFOPLIST_FILE = CatCards/Info.plist;
				LD_RUNPATH_SEARCH_PATHS = (
					"$(inherited)",
					"@executable_path/Frameworks",
				);
				MARKETING_VERSION = 1.0.0;
				PRODUCT_BUNDLE_IDENTIFIER = com.ouyangapps.CatCards;
				PRODUCT_NAME = "Cat Cards";
				SWIFT_VERSION = 5.0;
				TARGETED_DEVICE_FAMILY = 1;
			};
			name = Release;
		};
/* End XCBuildConfiguration section */

/* Begin XCConfigurationList section */
		F6746FDC24C6DCF2006A2905 /* Build configuration list for PBXProject "CatCards" */ = {
			isa = XCConfigurationList;
			buildConfigurations = (
				F6746FF524C6DCF5006A2905 /* Debug */,
				F6746FF624C6DCF5006A2905 /* Release */,
			);
			defaultConfigurationIsVisible = 0;
			defaultConfigurationName = Release;
		};
		F6746FF724C6DCF5006A2905 /* Build configuration list for PBXNativeTarget "CatCards" */ = {
			isa = XCConfigurationList;
			buildConfigurations = (
				F6746FF824C6DCF5006A2905 /* Debug */,
				F6746FF924C6DCF5006A2905 /* Release */,
			);
			defaultConfigurationIsVisible = 0;
			defaultConfigurationName = Release;
		};
/* End XCConfigurationList section */

/* Begin XCVersionGroup section */
		F60214D224E5205500872F34 /* DataModel.xcdatamodeld */ = {
			isa = XCVersionGroup;
			children = (
				F60214D324E5205500872F34 /* DataModel.xcdatamodel */,
			);
			currentVersion = F60214D324E5205500872F34 /* DataModel.xcdatamodel */;
			path = DataModel.xcdatamodeld;
			sourceTree = "<group>";
			versionGroupType = wrapper.xcdatamodel;
		};
/* End XCVersionGroup section */
	};
	rootObject = F6746FD924C6DCF2006A2905 /* Project object */;
}
